// !$*UTF8*$!
{
	archiveVersion = 1;
	classes = {
	};
	objectVersion = 50;
	objects = {

/* Begin PBXBuildFile section */
		43043F3424337DA9006AF9F0 /* AppDelegate.swift in Sources */ = {isa = PBXBuildFile; fileRef = 43043F3324337DA9006AF9F0 /* AppDelegate.swift */; };
		43043F3624337DA9006AF9F0 /* SceneDelegate.swift in Sources */ = {isa = PBXBuildFile; fileRef = 43043F3524337DA9006AF9F0 /* SceneDelegate.swift */; };
		43043F3824337DA9006AF9F0 /* ViewController.swift in Sources */ = {isa = PBXBuildFile; fileRef = 43043F3724337DA9006AF9F0 /* ViewController.swift */; };
		43043F3B24337DA9006AF9F0 /* Main.storyboard in Resources */ = {isa = PBXBuildFile; fileRef = 43043F3924337DA9006AF9F0 /* Main.storyboard */; };
		43043F3D24337DAA006AF9F0 /* Assets.xcassets in Resources */ = {isa = PBXBuildFile; fileRef = 43043F3C24337DAA006AF9F0 /* Assets.xcassets */; };
		43043F4024337DAA006AF9F0 /* LaunchScreen.storyboard in Resources */ = {isa = PBXBuildFile; fileRef = 43043F3E24337DAA006AF9F0 /* LaunchScreen.storyboard */; };
		43BBE1282434BB36008F88E0 /* flag3.jpg in Resources */ = {isa = PBXBuildFile; fileRef = 43BBE1232434BB36008F88E0 /* flag3.jpg */; };
		43BBE1292434BB36008F88E0 /* flag2.png in Resources */ = {isa = PBXBuildFile; fileRef = 43BBE1242434BB36008F88E0 /* flag2.png */; };
		43BBE12A2434BB36008F88E0 /* flag1.gif in Resources */ = {isa = PBXBuildFile; fileRef = 43BBE1252434BB36008F88E0 /* flag1.gif */; };
		43BBE12B2434BB36008F88E0 /* flag4.png in Resources */ = {isa = PBXBuildFile; fileRef = 43BBE1262434BB36008F88E0 /* flag4.png */; };
		43BBE12C2434BB36008F88E0 /* flag5.png in Resources */ = {isa = PBXBuildFile; fileRef = 43BBE1272434BB36008F88E0 /* flag5.png */; };
		43BBE1302434C62B008F88E0 /* DetailViewController.swift in Sources */ = {isa = PBXBuildFile; fileRef = 43BBE12F2434C62B008F88E0 /* DetailViewController.swift */; };
/* End PBXBuildFile section */

/* Begin PBXFileReference section */
		43043F3024337DA9006AF9F0 /* FlagShare.app */ = {isa = PBXFileReference; explicitFileType = wrapper.application; includeInIndex = 0; path = FlagShare.app; sourceTree = BUILT_PRODUCTS_DIR; };
		43043F3324337DA9006AF9F0 /* AppDelegate.swift */ = {isa = PBXFileReference; lastKnownFileType = sourcecode.swift; path = AppDelegate.swift; sourceTree = "<group>"; };
		43043F3524337DA9006AF9F0 /* SceneDelegate.swift */ = {isa = PBXFileReference; lastKnownFileType = sourcecode.swift; path = SceneDelegate.swift; sourceTree = "<group>"; };
		43043F3724337DA9006AF9F0 /* ViewController.swift */ = {isa = PBXFileReference; lastKnownFileType = sourcecode.swift; path = ViewController.swift; sourceTree = "<group>"; };
		43043F3A24337DA9006AF9F0 /* Base */ = {isa = PBXFileReference; lastKnownFileType = file.storyboard; name = Base; path = Base.lproj/Main.storyboard; sourceTree = "<group>"; };
		43043F3C24337DAA006AF9F0 /* Assets.xcassets */ = {isa = PBXFileReference; lastKnownFileType = folder.assetcatalog; path = Assets.xcassets; sourceTree = "<group>"; };
		43043F3F24337DAA006AF9F0 /* Base */ = {isa = PBXFileReference; lastKnownFileType = file.storyboard; name = Base; path = Base.lproj/LaunchScreen.storyboard; sourceTree = "<group>"; };
		43043F4124337DAA006AF9F0 /* Info.plist */ = {isa = PBXFileReference; lastKnownFileType = text.plist.xml; path = Info.plist; sourceTree = "<group>"; };
		43BBE1232434BB36008F88E0 /* flag3.jpg */ = {isa = PBXFileReference; lastKnownFileType = image.jpeg; path = flag3.jpg; sourceTree = "<group>"; };
		43BBE1242434BB36008F88E0 /* flag2.png */ = {isa = PBXFileReference; lastKnownFileType = image.png; path = flag2.png; sourceTree = "<group>"; };
		43BBE1252434BB36008F88E0 /* flag1.gif */ = {isa = PBXFileReference; lastKnownFileType = image.gif; path = flag1.gif; sourceTree = "<group>"; };
		43BBE1262434BB36008F88E0 /* flag4.png */ = {isa = PBXFileReference; lastKnownFileType = image.png; path = flag4.png; sourceTree = "<group>"; };
		43BBE1272434BB36008F88E0 /* flag5.png */ = {isa = PBXFileReference; lastKnownFileType = image.png; path = flag5.png; sourceTree = "<group>"; };
		43BBE12F2434C62B008F88E0 /* DetailViewController.swift */ = {isa = PBXFileReference; lastKnownFileType = sourcecode.swift; path = DetailViewController.swift; sourceTree = "<group>"; };
/* End PBXFileReference section */

/* Begin PBXFrameworksBuildPhase section */
		43043F2D24337DA9006AF9F0 /* Frameworks */ = {
			isa = PBXFrameworksBuildPhase;
			buildActionMask = 2147483647;
			files = (
			);
			runOnlyForDeploymentPostprocessing = 0;
		};
/* End PBXFrameworksBuildPhase section */

/* Begin PBXGroup section */
		43043F2724337DA9006AF9F0 = {
			isa = PBXGroup;
			children = (
				43043F3224337DA9006AF9F0 /* FlagShare */,
				43043F3124337DA9006AF9F0 /* Products */,
			);
			sourceTree = "<group>";
		};
		43043F3124337DA9006AF9F0 /* Products */ = {
			isa = PBXGroup;
			children = (
				43043F3024337DA9006AF9F0 /* FlagShare.app */,
			);
			name = Products;
			sourceTree = "<group>";
		};
		43043F3224337DA9006AF9F0 /* FlagShare */ = {
			isa = PBXGroup;
			children = (
				43BBE1222434B99D008F88E0 /* Content */,
				43043F3324337DA9006AF9F0 /* AppDelegate.swift */,
				43043F3524337DA9006AF9F0 /* SceneDelegate.swift */,
				43043F3724337DA9006AF9F0 /* ViewController.swift */,
				43043F3924337DA9006AF9F0 /* Main.storyboard */,
				43BBE12F2434C62B008F88E0 /* DetailViewController.swift */,
				43043F3C24337DAA006AF9F0 /* Assets.xcassets */,
				43043F3E24337DAA006AF9F0 /* LaunchScreen.storyboard */,
				43043F4124337DAA006AF9F0 /* Info.plist */,
			);
			path = FlagShare;
			sourceTree = "<group>";
		};
		43BBE1222434B99D008F88E0 /* Content */ = {
			isa = PBXGroup;
			children = (
				43BBE1252434BB36008F88E0 /* flag1.gif */,
				43BBE1242434BB36008F88E0 /* flag2.png */,
				43BBE1232434BB36008F88E0 /* flag3.jpg */,
				43BBE1262434BB36008F88E0 /* flag4.png */,
				43BBE1272434BB36008F88E0 /* flag5.png */,
			);
			path = Content;
			sourceTree = "<group>";
		};
/* End PBXGroup section */

/* Begin PBXNativeTarget section */
		43043F2F24337DA9006AF9F0 /* FlagShare */ = {
			isa = PBXNativeTarget;
			buildConfigurationList = 43043F4424337DAA006AF9F0 /* Build configuration list for PBXNativeTarget "FlagShare" */;
			buildPhases = (
				43043F2C24337DA9006AF9F0 /* Sources */,
				43043F2D24337DA9006AF9F0 /* Frameworks */,
				43043F2E24337DA9006AF9F0 /* Resources */,
			);
			buildRules = (
			);
			dependencies = (
			);
			name = FlagShare;
			productName = FlagShare;
			productReference = 43043F3024337DA9006AF9F0 /* FlagShare.app */;
			productType = "com.apple.product-type.application";
		};
/* End PBXNativeTarget section */

/* Begin PBXProject section */
		43043F2824337DA9006AF9F0 /* Project object */ = {
			isa = PBXProject;
			attributes = {
				LastSwiftUpdateCheck = 1130;
				LastUpgradeCheck = 1130;
				ORGANIZATIONNAME = lecosas;
				TargetAttributes = {
					43043F2F24337DA9006AF9F0 = {
						CreatedOnToolsVersion = 11.3.1;
					};
				};
			};
			buildConfigurationList = 43043F2B24337DA9006AF9F0 /* Build configuration list for PBXProject "FlagShare" */;
			compatibilityVersion = "Xcode 9.3";
			developmentRegion = en;
			hasScannedForEncodings = 0;
			knownRegions = (
				en,
				Base,
			);
			mainGroup = 43043F2724337DA9006AF9F0;
			productRefGroup = 43043F3124337DA9006AF9F0 /* Products */;
			projectDirPath = "";
			projectRoot = "";
			targets = (
				43043F2F24337DA9006AF9F0 /* FlagShare */,
			);
		};
/* End PBXProject section */

/* Begin PBXResourcesBuildPhase section */
		43043F2E24337DA9006AF9F0 /* Resources */ = {
			isa = PBXResourcesBuildPhase;
			buildActionMask = 2147483647;
			files = (
				43BBE12A2434BB36008F88E0 /* flag1.gif in Resources */,
				43043F4024337DAA006AF9F0 /* LaunchScreen.storyboard in Resources */,
				43BBE1292434BB36008F88E0 /* flag2.png in Resources */,
				43BBE12C2434BB36008F88E0 /* flag5.png in Resources */,
				43BBE1282434BB36008F88E0 /* flag3.jpg in Resources */,
				43BBE12B2434BB36008F88E0 /* flag4.png in Resources */,
				43043F3D24337DAA006AF9F0 /* Assets.xcassets in Resources */,
				43043F3B24337DA9006AF9F0 /* Main.storyboard in Resources */,
			);
			runOnlyForDeploymentPostprocessing = 0;
		};
/* End PBXResourcesBuildPhase section */

/* Begin PBXSourcesBuildPhase section */
		43043F2C24337DA9006AF9F0 /* Sources */ = {
			isa = PBXSourcesBuildPhase;
			buildActionMask = 2147483647;
			files = (
				43043F3824337DA9006AF9F0 /* ViewController.swift in Sources */,
				43043F3424337DA9006AF9F0 /* AppDelegate.swift in Sources */,
				43BBE1302434C62B008F88E0 /* DetailViewController.swift in Sources */,
				43043F3624337DA9006AF9F0 /* SceneDelegate.swift in Sources */,
			);
			runOnlyForDeploymentPostprocessing = 0;
		};
/* End PBXSourcesBuildPhase section */

/* Begin PBXVariantGroup section */
		43043F3924337DA9006AF9F0 /* Main.storyboard */ = {
			isa = PBXVariantGroup;
			children = (
				43043F3A24337DA9006AF9F0 /* Base */,
			);
			name = Main.storyboard;
			sourceTree = "<group>";
		};
		43043F3E24337DAA006AF9F0 /* LaunchScreen.storyboard */ = {
			isa = PBXVariantGroup;
			children = (
				43043F3F24337DAA006AF9F0 /* Base */,
			);
			name = LaunchScreen.storyboard;
			sourceTree = "<group>";
		};
/* End PBXVariantGroup section */

/* Begin XCBuildConfiguration section */
		43043F4224337DAA006AF9F0 /* Debug */ = {
			isa = XCBuildConfiguration;
			buildSettings = {
				ALWAYS_SEARCH_USER_PATHS = NO;
				CLANG_ANALYZER_NONNULL = YES;
				CLANG_ANALYZER_NUMBER_OBJECT_CONVERSION = YES_AGGRESSIVE;
				CLANG_CXX_LANGUAGE_STANDARD = "gnu++14";
				CLANG_CXX_LIBRARY = "libc++";
				CLANG_ENABLE_MODULES = YES;
				CLANG_ENABLE_OBJC_ARC = YES;
				CLANG_ENABLE_OBJC_WEAK = YES;
				CLANG_WARN_BLOCK_CAPTURE_AUTORELEASING = YES;
				CLANG_WARN_BOOL_CONVERSION = YES;
				CLANG_WARN_COMMA = YES;
				CLANG_WARN_CONSTANT_CONVERSION = YES;
				CLANG_WARN_DEPRECATED_OBJC_IMPLEMENTATIONS = YES;
				CLANG_WARN_DIRECT_OBJC_ISA_USAGE = YES_ERROR;
				CLANG_WARN_DOCUMENTATION_COMMENTS = YES;
				CLANG_WARN_EMPTY_BODY = YES;
				CLANG_WARN_ENUM_CONVERSION = YES;
				CLANG_WARN_INFINITE_RECURSION = YES;
				CLANG_WARN_INT_CONVERSION = YES;
				CLANG_WARN_NON_LITERAL_NULL_CONVERSION = YES;
				CLANG_WARN_OBJC_IMPLICIT_RETAIN_SELF = YES;
				CLANG_WARN_OBJC_LITERAL_CONVERSION = YES;
				CLANG_WARN_OBJC_ROOT_CLASS = YES_ERROR;
				CLANG_WARN_RANGE_LOOP_ANALYSIS = YES;
				CLANG_WARN_STRICT_PROTOTYPES = YES;
				CLANG_WARN_SUSPICIOUS_MOVE = YES;
				CLANG_WARN_UNGUARDED_AVAILABILITY = YES_AGGRESSIVE;
				CLANG_WARN_UNREACHABLE_CODE = YES;
				CLANG_WARN__DUPLICATE_METHOD_MATCH = YES;
				COPY_PHASE_STRIP = NO;
				DEBUG_INFORMATION_FORMAT = dwarf;
				ENABLE_STRICT_OBJC_MSGSEND = YES;
				ENABLE_TESTABILITY = YES;
				GCC_C_LANGUAGE_STANDARD = gnu11;
				GCC_DYNAMIC_NO_PIC = NO;
				GCC_NO_COMMON_BLOCKS = YES;
				GCC_OPTIMIZATION_LEVEL = 0;
				GCC_PREPROCESSOR_DEFINITIONS = (
					"DEBUG=1",
					"$(inherited)",
				);
				GCC_WARN_64_TO_32_BIT_CONVERSION = YES;
				GCC_WARN_ABOUT_RETURN_TYPE = YES_ERROR;
				GCC_WARN_UNDECLARED_SELECTOR = YES;
				GCC_WARN_UNINITIALIZED_AUTOS = YES_AGGRESSIVE;
				GCC_WARN_UNUSED_FUNCTION = YES;
				GCC_WARN_UNUSED_VARIABLE = YES;
				IPHONEOS_DEPLOYMENT_TARGET = 13.2;
				MTL_ENABLE_DEBUG_INFO = INCLUDE_SOURCE;
				MTL_FAST_MATH = YES;
				ONLY_ACTIVE_ARCH = YES;
				SDKROOT = iphoneos;
				SWIFT_ACTIVE_COMPILATION_CONDITIONS = DEBUG;
				SWIFT_OPTIMIZATION_LEVEL = "-Onone";
			};
			name = Debug;
		};
		43043F4324337DAA006AF9F0 /* Release */ = {
			isa = XCBuildConfiguration;
			buildSettings = {
				ALWAYS_SEARCH_USER_PATHS = NO;
				CLANG_ANALYZER_NONNULL = YES;
				CLANG_ANALYZER_NUMBER_OBJECT_CONVERSION = YES_AGGRESSIVE;
				CLANG_CXX_LANGUAGE_STANDARD = "gnu++14";
				CLANG_CXX_LIBRARY = "libc++";
				CLANG_ENABLE_MODULES = YES;
				CLANG_ENABLE_OBJC_ARC = YES;
				CLANG_ENABLE_OBJC_WEAK = YES;
				CLANG_WARN_BLOCK_CAPTURE_AUTORELEASING = YES;
				CLANG_WARN_BOOL_CONVERSION = YES;
				CLANG_WARN_COMMA = YES;
				CLANG_WARN_CONSTANT_CONVERSION = YES;
				CLANG_WARN_DEPRECATED_OBJC_IMPLEMENTATIONS = YES;
				CLANG_WARN_DIRECT_OBJC_ISA_USAGE = YES_ERROR;
				CLANG_WARN_DOCUMENTATION_COMMENTS = YES;
				CLANG_WARN_EMPTY_BODY = YES;
				CLANG_WARN_ENUM_CONVERSION = YES;
				CLANG_WARN_INFINITE_RECURSION = YES;
				CLANG_WARN_INT_CONVERSION = YES;
				CLANG_WARN_NON_LITERAL_NULL_CONVERSION = YES;
				CLANG_WARN_OBJC_IMPLICIT_RETAIN_SELF = YES;
				CLANG_WARN_OBJC_LITERAL_CONVERSION = YES;
				CLANG_WARN_OBJC_ROOT_CLASS = YES_ERROR;
				CLANG_WARN_RANGE_LOOP_ANALYSIS = YES;
				CLANG_WARN_STRICT_PROTOTYPES = YES;
				CLANG_WARN_SUSPICIOUS_MOVE = YES;
				CLANG_WARN_UNGUARDED_AVAILABILITY = YES_AGGRESSIVE;
				CLANG_WARN_UNREACHABLE_CODE = YES;
				CLANG_WARN__DUPLICATE_METHOD_MATCH = YES;
				COPY_PHASE_STRIP = NO;
				DEBUG_INFORMATION_FORMAT = "dwarf-with-dsym";
				ENABLE_NS_ASSERTIONS = NO;
				ENABLE_STRICT_OBJC_MSGSEND = YES;
				GCC_C_LANGUAGE_STANDARD = gnu11;
				GCC_NO_COMMON_BLOCKS = YES;
				GCC_WARN_64_TO_32_BIT_CONVERSION = YES;
				GCC_WARN_ABOUT_RETURN_TYPE = YES_ERROR;
				GCC_WARN_UNDECLARED_SELECTOR = YES;
				GCC_WARN_UNINITIALIZED_AUTOS = YES_AGGRESSIVE;
				GCC_WARN_UNUSED_FUNCTION = YES;
				GCC_WARN_UNUSED_VARIABLE = YES;
				IPHONEOS_DEPLOYMENT_TARGET = 13.2;
				MTL_ENABLE_DEBUG_INFO = NO;
				MTL_FAST_MATH = YES;
				SDKROOT = iphoneos;
				SWIFT_COMPILATION_MODE = wholemodule;
				SWIFT_OPTIMIZATION_LEVEL = "-O";
				VALIDATE_PRODUCT = YES;
			};
			name = Release;
		};
		43043F4524337DAA006AF9F0 /* Debug */ = {
			isa = XCBuildConfiguration;
			buildSettings = {
				ASSETCATALOG_COMPILER_APPICON_NAME = AppIcon;
				CODE_SIGN_STYLE = Automatic;
				INFOPLIST_FILE = FlagShare/Info.plist;
				LD_RUNPATH_SEARCH_PATHS = (
					"$(inherited)",
					"@executable_path/Frameworks",
				);
				PRODUCT_BUNDLE_IDENTIFIER = br.com.FlagShare;
				PRODUCT_NAME = "$(TARGET_NAME)";
				SWIFT_VERSION = 5.0;
				TARGETED_DEVICE_FAMILY = "1,2";
			};
			name = Debug;
		};
		43043F4624337DAA006AF9F0 /* Release */ = {
			isa = XCBuildConfiguration;
			buildSettings = {
				ASSETCATALOG_COMPILER_APPICON_NAME = AppIcon;
				CODE_SIGN_STYLE = Automatic;
				INFOPLIST_FILE = FlagShare/Info.plist;
				LD_RUNPATH_SEARCH_PATHS = (
					"$(inherited)",
					"@executable_path/Frameworks",
				);
				PRODUCT_BUNDLE_IDENTIFIER = br.com.FlagShare;
				PRODUCT_NAME = "$(TARGET_NAME)";
				SWIFT_VERSION = 5.0;
				TARGETED_DEVICE_FAMILY = "1,2";
			};
			name = Release;
		};
/* End XCBuildConfiguration section */

/* Begin XCConfigurationList section */
		43043F2B24337DA9006AF9F0 /* Build configuration list for PBXProject "FlagShare" */ = {
			isa = XCConfigurationList;
			buildConfigurations = (
				43043F4224337DAA006AF9F0 /* Debug */,
				43043F4324337DAA006AF9F0 /* Release */,
			);
			defaultConfigurationIsVisible = 0;
			defaultConfigurationName = Release;
		};
		43043F4424337DAA006AF9F0 /* Build configuration list for PBXNativeTarget "FlagShare" */ = {
			isa = XCConfigurationList;
			buildConfigurations = (
				43043F4524337DAA006AF9F0 /* Debug */,
				43043F4624337DAA006AF9F0 /* Release */,
			);
			defaultConfigurationIsVisible = 0;
			defaultConfigurationName = Release;
		};
/* End XCConfigurationList section */
	};
	rootObject = 43043F2824337DA9006AF9F0 /* Project object */;
}
